[[package]]
name = "pandas"
version = "2.2.2"
description = "Data analysis library"
category = "main"
optional = false
python-versions = ">=3.8"

[[package]]
name = "streamlit"
version = "1.30.0"
description = "Streamlit web app framework"
category = "main"
optional = false
python-versions = ">=3.8"

[[package]]
name = "matplotlib"
version = "3.8.4"
description = "Plotting library"
category = "main"
optional = false
python-versions = ">=3.8"

[metadata]
lock-version = "1.1"
python-versions = "^3.9"
content-hash = "generated"